
Microsoft Visual Studio Solution File, Format Version 12.00
# Visual Studio 15
VisualStudioVersion = 15.0.26430.6
MinimumVisualStudioVersion = 10.0.40219.1
Project("{FAE04EC0-301F-11D3-BF4B-00C04F79EFBC}") = "DemoGit", "DemoGit\DemoGit.csproj", "{A988C8D5-A9A3-4AAF-8926-2A2130A0408C}"
EndProject
Project("{FAE04EC0-301F-11D3-BF4B-00C04F79EFBC}") = "DemoGit.Tests", "DemoGit.Tests\DemoGit.Tests.csproj", "{7914ABF6-B0A5-4860-BEFA-C2B407E8DEE3}"
EndProject
Global
	GlobalSection(SolutionConfigurationPlatforms) = preSolution
		Debug|Any CPU = Debug|Any CPU
		Release|Any CPU = Release|Any CPU
	EndGlobalSection
	GlobalSection(ProjectConfigurationPlatforms) = postSolution
		{A988C8D5-A9A3-4AAF-8926-2A2130A0408C}.Debug|Any CPU.ActiveCfg = Debug|Any CPU
		{A988C8D5-A9A3-4AAF-8926-2A2130A0408C}.Debug|Any CPU.Build.0 = Debug|Any CPU
		{A988C8D5-A9A3-4AAF-8926-2A2130A0408C}.Release|Any CPU.ActiveCfg = Release|Any CPU
		{A988C8D5-A9A3-4AAF-8926-2A2130A0408C}.Release|Any CPU.Build.0 = Release|Any CPU
		{7914ABF6-B0A5-4860-BEFA-C2B407E8DEE3}.Debug|Any CPU.ActiveCfg = Debug|Any CPU
		{7914ABF6-B0A5-4860-BEFA-C2B407E8DEE3}.Debug|Any CPU.Build.0 = Debug|Any CPU
		{7914ABF6-B0A5-4860-BEFA-C2B407E8DEE3}.Release|Any CPU.ActiveCfg = Release|Any CPU
		{7914ABF6-B0A5-4860-BEFA-C2B407E8DEE3}.Release|Any CPU.Build.0 = Release|Any CPU
	EndGlobalSection
	GlobalSection(SolutionProperties) = preSolution
		HideSolutionNode = FALSE
	EndGlobalSection
EndGlobal
